
Microsoft Visual Studio Solution File, Format Version 12.00
# Visual Studio Version 17
VisualStudioVersion = 17.5.2.0
MinimumVisualStudioVersion = 10.0.40219.1
Project("{FAE04EC0-301F-11D3-BF4B-00C04F79EFBC}") = "DropMonAPI", "DropMonAPI\DropMonAPI.csproj", "{0164222A-79AB-5480-EC43-465E4529E939}"
EndProject
Project("{FAE04EC0-301F-11D3-BF4B-00C04F79EFBC}") = "DropMonAPI.Tests", "DropMonAPI.Tests\DropMonAPI.Tests.csproj", "{075C03DA-CF5F-4C53-96E2-95B40FEE1455}"
EndProject
Global
	GlobalSection(SolutionConfigurationPlatforms) = preSolution
		Debug|Any CPU = Debug|Any CPU
		Debug|x64 = Debug|x64
		Debug|x86 = Debug|x86
		Release|Any CPU = Release|Any CPU
		Release|x64 = Release|x64
		Release|x86 = Release|x86
	EndGlobalSection
	GlobalSection(ProjectConfigurationPlatforms) = postSolution
		{0164222A-79AB-5480-EC43-465E4529E939}.Debug|Any CPU.ActiveCfg = Debug|Any CPU
		{0164222A-79AB-5480-EC43-465E4529E939}.Debug|Any CPU.Build.0 = Debug|Any CPU
		{0164222A-79AB-5480-EC43-465E4529E939}.Debug|x64.ActiveCfg = Debug|Any CPU
		{0164222A-79AB-5480-EC43-465E4529E939}.Debug|x64.Build.0 = Debug|Any CPU
		{0164222A-79AB-5480-EC43-465E4529E939}.Debug|x86.ActiveCfg = Debug|Any CPU
		{0164222A-79AB-5480-EC43-465E4529E939}.Debug|x86.Build.0 = Debug|Any CPU
		{0164222A-79AB-5480-EC43-465E4529E939}.Release|Any CPU.ActiveCfg = Release|Any CPU
		{0164222A-79AB-5480-EC43-465E4529E939}.Release|Any CPU.Build.0 = Release|Any CPU
		{0164222A-79AB-5480-EC43-465E4529E939}.Release|x64.ActiveCfg = Release|Any CPU
		{0164222A-79AB-5480-EC43-465E4529E939}.Release|x64.Build.0 = Release|Any CPU
		{0164222A-79AB-5480-EC43-465E4529E939}.Release|x86.ActiveCfg = Release|Any CPU
		{0164222A-79AB-5480-EC43-465E4529E939}.Release|x86.Build.0 = Release|Any CPU
		{075C03DA-CF5F-4C53-96E2-95B40FEE1455}.Debug|Any CPU.ActiveCfg = Debug|Any CPU
		{075C03DA-CF5F-4C53-96E2-95B40FEE1455}.Debug|Any CPU.Build.0 = Debug|Any CPU
		{075C03DA-CF5F-4C53-96E2-95B40FEE1455}.Debug|x64.ActiveCfg = Debug|Any CPU
		{075C03DA-CF5F-4C53-96E2-95B40FEE1455}.Debug|x64.Build.0 = Debug|Any CPU
		{075C03DA-CF5F-4C53-96E2-95B40FEE1455}.Debug|x86.ActiveCfg = Debug|Any CPU
		{075C03DA-CF5F-4C53-96E2-95B40FEE1455}.Debug|x86.Build.0 = Debug|Any CPU
		{075C03DA-CF5F-4C53-96E2-95B40FEE1455}.Release|Any CPU.ActiveCfg = Release|Any CPU
		{075C03DA-CF5F-4C53-96E2-95B40FEE1455}.Release|Any CPU.Build.0 = Release|Any CPU
		{075C03DA-CF5F-4C53-96E2-95B40FEE1455}.Release|x64.ActiveCfg = Release|Any CPU
		{075C03DA-CF5F-4C53-96E2-95B40FEE1455}.Release|x64.Build.0 = Release|Any CPU
		{075C03DA-CF5F-4C53-96E2-95B40FEE1455}.Release|x86.ActiveCfg = Release|Any CPU
		{075C03DA-CF5F-4C53-96E2-95B40FEE1455}.Release|x86.Build.0 = Release|Any CPU
	EndGlobalSection
	GlobalSection(SolutionProperties) = preSolution
		HideSolutionNode = FALSE
	EndGlobalSection
	GlobalSection(ExtensibilityGlobals) = postSolution
		SolutionGuid = {FD907734-ABB6-497C-9303-E96F810F10C8}
	EndGlobalSection
EndGlobal
