Microsoft Visual Studio Solution File, Format Version 12.00
# Visual Studio Version 17
VisualStudioVersion = 17.5.2.0
MinimumVisualStudioVersion = 10.0.40219.1
Project("{FAE04EC0-301F-11D3-BF4B-00C04F79EFBC}") = "DropMonAPI", "DropMonAPI\DropMonAPI.csproj", "{0164222A-79AB-5480-EC43-465E4529E939}"
EndProject
Global
	GlobalSection(SolutionConfigurationPlatforms) = preSolution
		Debug|Any CPU = Debug|Any CPU
		Release|Any CPU = Release|Any CPU
	EndGlobalSection
	GlobalSection(ProjectConfigurationPlatforms) = postSolution
		{0164222A-79AB-5480-EC43-465E4529E939}.Debug|Any CPU.ActiveCfg = Debug|Any CPU
		{0164222A-79AB-5480-EC43-465E4529E939}.Debug|Any CPU.Build.0 = Debug|Any CPU
		{0164222A-79AB-5480-EC43-465E4529E939}.Release|Any CPU.ActiveCfg = Release|Any CPU
		{0164222A-79AB-5480-EC43-465E4529E939}.Release|Any CPU.Build.0 = Release|Any CPU
	EndGlobalSection
	GlobalSection(SolutionProperties) = preSolution
		HideSolutionNode = FALSE
	EndGlobalSection
	GlobalSection(ExtensibilityGlobals) = postSolution
		SolutionGuid = {FD907734-ABB6-497C-9303-E96F810F10C8}
	EndGlobalSection
EndGlobal
